
Microsoft Visual Studio Solution File, Format Version 12.00
# Visual Studio Version 16
VisualStudioVersion = 16.0.30804.86
MinimumVisualStudioVersion = 10.0.40219.1
Project("{9A19103F-16F7-4668-BE54-9A1E7A4F7556}") = "Honors 2.0", "Honors 2.0\Honors 2.0.csproj", "{A107A5DB-AF2C-493E-AC2F-BF668F480E57}"
EndProject
Global
	GlobalSection(SolutionConfigurationPlatforms) = preSolution
		Debug|Any CPU = Debug|Any CPU
		Debug|x64 = Debug|x64
		Release|Any CPU = Release|Any CPU
		Release|x64 = Release|x64
	EndGlobalSection
	GlobalSection(ProjectConfigurationPlatforms) = postSolution
		{A107A5DB-AF2C-493E-AC2F-BF668F480E57}.Debug|Any CPU.ActiveCfg = Debug|Any CPU
		{A107A5DB-AF2C-493E-AC2F-BF668F480E57}.Debug|Any CPU.Build.0 = Debug|Any CPU
		{A107A5DB-AF2C-493E-AC2F-BF668F480E57}.Debug|x64.ActiveCfg = Debug|x64
		{A107A5DB-AF2C-493E-AC2F-BF668F480E57}.Debug|x64.Build.0 = Debug|x64
		{A107A5DB-AF2C-493E-AC2F-BF668F480E57}.Release|Any CPU.ActiveCfg = Release|Any CPU
		{A107A5DB-AF2C-493E-AC2F-BF668F480E57}.Release|Any CPU.Build.0 = Release|Any CPU
		{A107A5DB-AF2C-493E-AC2F-BF668F480E57}.Release|x64.ActiveCfg = Release|x64
		{A107A5DB-AF2C-493E-AC2F-BF668F480E57}.Release|x64.Build.0 = Release|x64
	EndGlobalSection
	GlobalSection(SolutionProperties) = preSolution
		HideSolutionNode = FALSE
	EndGlobalSection
	GlobalSection(ExtensibilityGlobals) = postSolution
		SolutionGuid = {E335A5B5-9454-42C0-8EB8-5A0436410184}
	EndGlobalSection
EndGlobal
